# This file is automatically @generated by Cargo.
# It is not intended for manual editing.
version = 4

[[package]]
name = "lexer"
version = "0.1.1"
dependencies = [
 "slk_lexer_tokens",
 "slk_tokenstream",
]

[[package]]
name = "slk_lexer_tokens"
version = "0.1.0"
source = "git+https://github.com/Slacker201/slk_lexer_tokens#c72f7e604025071d46802d1a3cc84804c26ed747"

[[package]]
name = "slk_tokenstream"
version = "0.1.1"
source = "git+https://github.com/Slacker201/slk_tokenstream#58171c7ffc86fb77b2975f62f0ced78d308182e9"
