# This file is automatically @generated by Cargo.
# It is not intended for manual editing.
version = 4

[[package]]
name = "lexer"
version = "0.1.1"
dependencies = [
 "slk_tokenstream",
]

[[package]]
name = "slk_tokenstream"
version = "0.1.1"
source = "git+https://github.com/Slacker201/slk_tokenstream#16ddf8076aabbd04b15d6c53e4ee43a45234fe3b"
